
Microsoft Visual Studio Solution File, Format Version 12.00
# Visual Studio Version 16
VisualStudioVersion = 16.0.32126.315
MinimumVisualStudioVersion = 10.0.40219.1
Project("{FAE04EC0-301F-11D3-BF4B-00C04F79EFBC}") = "HospitalManagementSystem", "HospitalManagementSystem\HospitalManagementSystem.csproj", "{2FFA15E6-6D00-4EA9-8106-0C0BC452B774}"
EndProject
Global
	GlobalSection(SolutionConfigurationPlatforms) = preSolution
		Debug|Any CPU = Debug|Any CPU
		Release|Any CPU = Release|Any CPU
	EndGlobalSection
	GlobalSection(ProjectConfigurationPlatforms) = postSolution
		{2FFA15E6-6D00-4EA9-8106-0C0BC452B774}.Debug|Any CPU.ActiveCfg = Debug|Any CPU
		{2FFA15E6-6D00-4EA9-8106-0C0BC452B774}.Debug|Any CPU.Build.0 = Debug|Any CPU
		{2FFA15E6-6D00-4EA9-8106-0C0BC452B774}.Release|Any CPU.ActiveCfg = Release|Any CPU
		{2FFA15E6-6D00-4EA9-8106-0C0BC452B774}.Release|Any CPU.Build.0 = Release|Any CPU
	EndGlobalSection
	GlobalSection(SolutionProperties) = preSolution
		HideSolutionNode = FALSE
	EndGlobalSection
	GlobalSection(ExtensibilityGlobals) = postSolution
		SolutionGuid = {6DCEB4F8-9670-408E-9B2A-CE1AFAA47D84}
	EndGlobalSection
EndGlobal
